// !$*UTF8*$!
{
	archiveVersion = 1;
	classes = {
	};
	objectVersion = 56;
	objects = {

/* Begin PBXBuildFile section */
		FB15E6AC2A9A49E700504264 /* PokeWikiApp.swift in Sources */ = {isa = PBXBuildFile; fileRef = FB15E6AB2A9A49E700504264 /* PokeWikiApp.swift */; };
		FB15E6AE2A9A49E700504264 /* HomeView.swift in Sources */ = {isa = PBXBuildFile; fileRef = FB15E6AD2A9A49E700504264 /* HomeView.swift */; };
		FB15E6B02A9A49E800504264 /* Assets.xcassets in Resources */ = {isa = PBXBuildFile; fileRef = FB15E6AF2A9A49E800504264 /* Assets.xcassets */; };
		FB15E6B32A9A49E800504264 /* Preview Assets.xcassets in Resources */ = {isa = PBXBuildFile; fileRef = FB15E6B22A9A49E800504264 /* Preview Assets.xcassets */; };
		FB15E6BB2A9A4C7100504264 /* pokemon.json in Resources */ = {isa = PBXBuildFile; fileRef = FB15E6BA2A9A4C7100504264 /* pokemon.json */; };
		FB15E6C02A9A4D2800504264 /* PokemonDTO.swift in Sources */ = {isa = PBXBuildFile; fileRef = FB15E6BF2A9A4D2800504264 /* PokemonDTO.swift */; };
		FB15E6C22A9A4DBF00504264 /* PokemonPageDTO.swift in Sources */ = {isa = PBXBuildFile; fileRef = FB15E6C12A9A4DBF00504264 /* PokemonPageDTO.swift */; };
		FB15E6C42A9A4DF100504264 /* PokemonDetailDTO.swift in Sources */ = {isa = PBXBuildFile; fileRef = FB15E6C32A9A4DF100504264 /* PokemonDetailDTO.swift */; };
		FB15E6C62A9A4E2500504264 /* NetworkHelper.swift in Sources */ = {isa = PBXBuildFile; fileRef = FB15E6C52A9A4E2500504264 /* NetworkHelper.swift */; };
		FB15E6C82A9A4FE000504264 /* PokemonDataStore.swift in Sources */ = {isa = PBXBuildFile; fileRef = FB15E6C72A9A4FE000504264 /* PokemonDataStore.swift */; };
		FB15E6CB2A9A50ED00504264 /* Helpers.swift in Sources */ = {isa = PBXBuildFile; fileRef = FB15E6CA2A9A50ED00504264 /* Helpers.swift */; };
		FB15E6CE2A9A593500504264 /* HomeItemView.swift in Sources */ = {isa = PBXBuildFile; fileRef = FB15E6CD2A9A593500504264 /* HomeItemView.swift */; };
/* End PBXBuildFile section */

/* Begin PBXFileReference section */
		FB15E6A82A9A49E700504264 /* PokeWiki.app */ = {isa = PBXFileReference; explicitFileType = wrapper.application; includeInIndex = 0; path = PokeWiki.app; sourceTree = BUILT_PRODUCTS_DIR; };
		FB15E6AB2A9A49E700504264 /* PokeWikiApp.swift */ = {isa = PBXFileReference; lastKnownFileType = sourcecode.swift; path = PokeWikiApp.swift; sourceTree = "<group>"; };
		FB15E6AD2A9A49E700504264 /* HomeView.swift */ = {isa = PBXFileReference; lastKnownFileType = sourcecode.swift; path = HomeView.swift; sourceTree = "<group>"; };
		FB15E6AF2A9A49E800504264 /* Assets.xcassets */ = {isa = PBXFileReference; lastKnownFileType = folder.assetcatalog; path = Assets.xcassets; sourceTree = "<group>"; };
		FB15E6B22A9A49E800504264 /* Preview Assets.xcassets */ = {isa = PBXFileReference; lastKnownFileType = folder.assetcatalog; path = "Preview Assets.xcassets"; sourceTree = "<group>"; };
		FB15E6BA2A9A4C7100504264 /* pokemon.json */ = {isa = PBXFileReference; lastKnownFileType = text.json; path = pokemon.json; sourceTree = "<group>"; };
		FB15E6BF2A9A4D2800504264 /* PokemonDTO.swift */ = {isa = PBXFileReference; lastKnownFileType = sourcecode.swift; path = PokemonDTO.swift; sourceTree = "<group>"; };
		FB15E6C12A9A4DBF00504264 /* PokemonPageDTO.swift */ = {isa = PBXFileReference; lastKnownFileType = sourcecode.swift; path = PokemonPageDTO.swift; sourceTree = "<group>"; };
		FB15E6C32A9A4DF100504264 /* PokemonDetailDTO.swift */ = {isa = PBXFileReference; lastKnownFileType = sourcecode.swift; path = PokemonDetailDTO.swift; sourceTree = "<group>"; };
		FB15E6C52A9A4E2500504264 /* NetworkHelper.swift */ = {isa = PBXFileReference; lastKnownFileType = sourcecode.swift; path = NetworkHelper.swift; sourceTree = "<group>"; };
		FB15E6C72A9A4FE000504264 /* PokemonDataStore.swift */ = {isa = PBXFileReference; lastKnownFileType = sourcecode.swift; path = PokemonDataStore.swift; sourceTree = "<group>"; };
		FB15E6CA2A9A50ED00504264 /* Helpers.swift */ = {isa = PBXFileReference; lastKnownFileType = sourcecode.swift; path = Helpers.swift; sourceTree = "<group>"; };
		FB15E6CD2A9A593500504264 /* HomeItemView.swift */ = {isa = PBXFileReference; lastKnownFileType = sourcecode.swift; path = HomeItemView.swift; sourceTree = "<group>"; };
/* End PBXFileReference section */

/* Begin PBXFrameworksBuildPhase section */
		FB15E6A52A9A49E700504264 /* Frameworks */ = {
			isa = PBXFrameworksBuildPhase;
			buildActionMask = 2147483647;
			files = (
			);
			runOnlyForDeploymentPostprocessing = 0;
		};
/* End PBXFrameworksBuildPhase section */

/* Begin PBXGroup section */
		FB15E69F2A9A49E700504264 = {
			isa = PBXGroup;
			children = (
				FB15E6AA2A9A49E700504264 /* PokeWiki */,
				FB15E6A92A9A49E700504264 /* Products */,
			);
			sourceTree = "<group>";
		};
		FB15E6A92A9A49E700504264 /* Products */ = {
			isa = PBXGroup;
			children = (
				FB15E6A82A9A49E700504264 /* PokeWiki.app */,
			);
			name = Products;
			sourceTree = "<group>";
		};
		FB15E6AA2A9A49E700504264 /* PokeWiki */ = {
			isa = PBXGroup;
			children = (
				FB15E6AB2A9A49E700504264 /* PokeWikiApp.swift */,
				FB15E6AF2A9A49E800504264 /* Assets.xcassets */,
				FB15E6B92A9A4C5C00504264 /* Data */,
				FB15E6C92A9A50D800504264 /* Helpers */,
				FB15E6B12A9A49E800504264 /* Preview Content */,
				FB15E6CC2A9A51EA00504264 /* Scenes */,
			);
			path = PokeWiki;
			sourceTree = "<group>";
		};
		FB15E6B12A9A49E800504264 /* Preview Content */ = {
			isa = PBXGroup;
			children = (
				FB15E6B22A9A49E800504264 /* Preview Assets.xcassets */,
			);
			path = "Preview Content";
			sourceTree = "<group>";
		};
		FB15E6B92A9A4C5C00504264 /* Data */ = {
			isa = PBXGroup;
			children = (
				FB15E6BE2A9A4CEB00504264 /* DataStore */,
				FB15E6BC2A9A4CC200504264 /* Models */,
				FB15E6BD2A9A4CCB00504264 /* Network */,
				FB15E6BA2A9A4C7100504264 /* pokemon.json */,
			);
			path = Data;
			sourceTree = "<group>";
		};
		FB15E6BC2A9A4CC200504264 /* Models */ = {
			isa = PBXGroup;
			children = (
				FB15E6BF2A9A4D2800504264 /* PokemonDTO.swift */,
				FB15E6C12A9A4DBF00504264 /* PokemonPageDTO.swift */,
				FB15E6C32A9A4DF100504264 /* PokemonDetailDTO.swift */,
			);
			path = Models;
			sourceTree = "<group>";
		};
		FB15E6BD2A9A4CCB00504264 /* Network */ = {
			isa = PBXGroup;
			children = (
				FB15E6C52A9A4E2500504264 /* NetworkHelper.swift */,
			);
			path = Network;
			sourceTree = "<group>";
		};
		FB15E6BE2A9A4CEB00504264 /* DataStore */ = {
			isa = PBXGroup;
			children = (
				FB15E6C72A9A4FE000504264 /* PokemonDataStore.swift */,
			);
			path = DataStore;
			sourceTree = "<group>";
		};
		FB15E6C92A9A50D800504264 /* Helpers */ = {
			isa = PBXGroup;
			children = (
				FB15E6CA2A9A50ED00504264 /* Helpers.swift */,
			);
			path = Helpers;
			sourceTree = "<group>";
		};
		FB15E6CC2A9A51EA00504264 /* Scenes */ = {
			isa = PBXGroup;
			children = (
				FB15E6CF2A9A593B00504264 /* Home */,
			);
			path = Scenes;
			sourceTree = "<group>";
		};
		FB15E6CF2A9A593B00504264 /* Home */ = {
			isa = PBXGroup;
			children = (
				FB15E6AD2A9A49E700504264 /* HomeView.swift */,
				FB15E6CD2A9A593500504264 /* HomeItemView.swift */,
			);
			path = Home;
			sourceTree = "<group>";
		};
/* End PBXGroup section */

/* Begin PBXNativeTarget section */
		FB15E6A72A9A49E700504264 /* PokeWiki */ = {
			isa = PBXNativeTarget;
			buildConfigurationList = FB15E6B62A9A49E800504264 /* Build configuration list for PBXNativeTarget "PokeWiki" */;
			buildPhases = (
				FB15E6A42A9A49E700504264 /* Sources */,
				FB15E6A52A9A49E700504264 /* Frameworks */,
				FB15E6A62A9A49E700504264 /* Resources */,
			);
			buildRules = (
			);
			dependencies = (
			);
			name = PokeWiki;
			productName = PokeWiki;
			productReference = FB15E6A82A9A49E700504264 /* PokeWiki.app */;
			productType = "com.apple.product-type.application";
		};
/* End PBXNativeTarget section */

/* Begin PBXProject section */
		FB15E6A02A9A49E700504264 /* Project object */ = {
			isa = PBXProject;
			attributes = {
				BuildIndependentTargetsInParallel = 1;
				LastSwiftUpdateCheck = 1430;
				LastUpgradeCheck = 1430;
				TargetAttributes = {
					FB15E6A72A9A49E700504264 = {
						CreatedOnToolsVersion = 14.3.1;
					};
				};
			};
			buildConfigurationList = FB15E6A32A9A49E700504264 /* Build configuration list for PBXProject "PokeWiki" */;
			compatibilityVersion = "Xcode 14.0";
			developmentRegion = en;
			hasScannedForEncodings = 0;
			knownRegions = (
				en,
				Base,
			);
			mainGroup = FB15E69F2A9A49E700504264;
			productRefGroup = FB15E6A92A9A49E700504264 /* Products */;
			projectDirPath = "";
			projectRoot = "";
			targets = (
				FB15E6A72A9A49E700504264 /* PokeWiki */,
			);
		};
/* End PBXProject section */

/* Begin PBXResourcesBuildPhase section */
		FB15E6A62A9A49E700504264 /* Resources */ = {
			isa = PBXResourcesBuildPhase;
			buildActionMask = 2147483647;
			files = (
				FB15E6B32A9A49E800504264 /* Preview Assets.xcassets in Resources */,
				FB15E6BB2A9A4C7100504264 /* pokemon.json in Resources */,
				FB15E6B02A9A49E800504264 /* Assets.xcassets in Resources */,
			);
			runOnlyForDeploymentPostprocessing = 0;
		};
/* End PBXResourcesBuildPhase section */

/* Begin PBXSourcesBuildPhase section */
		FB15E6A42A9A49E700504264 /* Sources */ = {
			isa = PBXSourcesBuildPhase;
			buildActionMask = 2147483647;
			files = (
				FB15E6C42A9A4DF100504264 /* PokemonDetailDTO.swift in Sources */,
				FB15E6CE2A9A593500504264 /* HomeItemView.swift in Sources */,
				FB15E6C22A9A4DBF00504264 /* PokemonPageDTO.swift in Sources */,
				FB15E6C82A9A4FE000504264 /* PokemonDataStore.swift in Sources */,
				FB15E6CB2A9A50ED00504264 /* Helpers.swift in Sources */,
				FB15E6C02A9A4D2800504264 /* PokemonDTO.swift in Sources */,
				FB15E6AE2A9A49E700504264 /* HomeView.swift in Sources */,
				FB15E6C62A9A4E2500504264 /* NetworkHelper.swift in Sources */,
				FB15E6AC2A9A49E700504264 /* PokeWikiApp.swift in Sources */,
			);
			runOnlyForDeploymentPostprocessing = 0;
		};
/* End PBXSourcesBuildPhase section */

/* Begin XCBuildConfiguration section */
		FB15E6B42A9A49E800504264 /* Debug */ = {
			isa = XCBuildConfiguration;
			buildSettings = {
				ALWAYS_SEARCH_USER_PATHS = NO;
				CLANG_ANALYZER_NONNULL = YES;
				CLANG_ANALYZER_NUMBER_OBJECT_CONVERSION = YES_AGGRESSIVE;
				CLANG_CXX_LANGUAGE_STANDARD = "gnu++20";
				CLANG_ENABLE_MODULES = YES;
				CLANG_ENABLE_OBJC_ARC = YES;
				CLANG_ENABLE_OBJC_WEAK = YES;
				CLANG_WARN_BLOCK_CAPTURE_AUTORELEASING = YES;
				CLANG_WARN_BOOL_CONVERSION = YES;
				CLANG_WARN_COMMA = YES;
				CLANG_WARN_CONSTANT_CONVERSION = YES;
				CLANG_WARN_DEPRECATED_OBJC_IMPLEMENTATIONS = YES;
				CLANG_WARN_DIRECT_OBJC_ISA_USAGE = YES_ERROR;
				CLANG_WARN_DOCUMENTATION_COMMENTS = YES;
				CLANG_WARN_EMPTY_BODY = YES;
				CLANG_WARN_ENUM_CONVERSION = YES;
				CLANG_WARN_INFINITE_RECURSION = YES;
				CLANG_WARN_INT_CONVERSION = YES;
				CLANG_WARN_NON_LITERAL_NULL_CONVERSION = YES;
				CLANG_WARN_OBJC_IMPLICIT_RETAIN_SELF = YES;
				CLANG_WARN_OBJC_LITERAL_CONVERSION = YES;
				CLANG_WARN_OBJC_ROOT_CLASS = YES_ERROR;
				CLANG_WARN_QUOTED_INCLUDE_IN_FRAMEWORK_HEADER = YES;
				CLANG_WARN_RANGE_LOOP_ANALYSIS = YES;
				CLANG_WARN_STRICT_PROTOTYPES = YES;
				CLANG_WARN_SUSPICIOUS_MOVE = YES;
				CLANG_WARN_UNGUARDED_AVAILABILITY = YES_AGGRESSIVE;
				CLANG_WARN_UNREACHABLE_CODE = YES;
				CLANG_WARN__DUPLICATE_METHOD_MATCH = YES;
				COPY_PHASE_STRIP = NO;
				DEBUG_INFORMATION_FORMAT = dwarf;
				ENABLE_STRICT_OBJC_MSGSEND = YES;
				ENABLE_TESTABILITY = YES;
				GCC_C_LANGUAGE_STANDARD = gnu11;
				GCC_DYNAMIC_NO_PIC = NO;
				GCC_NO_COMMON_BLOCKS = YES;
				GCC_OPTIMIZATION_LEVEL = 0;
				GCC_PREPROCESSOR_DEFINITIONS = (
					"DEBUG=1",
					"$(inherited)",
				);
				GCC_WARN_64_TO_32_BIT_CONVERSION = YES;
				GCC_WARN_ABOUT_RETURN_TYPE = YES_ERROR;
				GCC_WARN_UNDECLARED_SELECTOR = YES;
				GCC_WARN_UNINITIALIZED_AUTOS = YES_AGGRESSIVE;
				GCC_WARN_UNUSED_FUNCTION = YES;
				GCC_WARN_UNUSED_VARIABLE = YES;
				IPHONEOS_DEPLOYMENT_TARGET = 16.4;
				MTL_ENABLE_DEBUG_INFO = INCLUDE_SOURCE;
				MTL_FAST_MATH = YES;
				ONLY_ACTIVE_ARCH = YES;
				SDKROOT = iphoneos;
				SWIFT_ACTIVE_COMPILATION_CONDITIONS = DEBUG;
				SWIFT_OPTIMIZATION_LEVEL = "-Onone";
			};
			name = Debug;
		};
		FB15E6B52A9A49E800504264 /* Release */ = {
			isa = XCBuildConfiguration;
			buildSettings = {
				ALWAYS_SEARCH_USER_PATHS = NO;
				CLANG_ANALYZER_NONNULL = YES;
				CLANG_ANALYZER_NUMBER_OBJECT_CONVERSION = YES_AGGRESSIVE;
				CLANG_CXX_LANGUAGE_STANDARD = "gnu++20";
				CLANG_ENABLE_MODULES = YES;
				CLANG_ENABLE_OBJC_ARC = YES;
				CLANG_ENABLE_OBJC_WEAK = YES;
				CLANG_WARN_BLOCK_CAPTURE_AUTORELEASING = YES;
				CLANG_WARN_BOOL_CONVERSION = YES;
				CLANG_WARN_COMMA = YES;
				CLANG_WARN_CONSTANT_CONVERSION = YES;
				CLANG_WARN_DEPRECATED_OBJC_IMPLEMENTATIONS = YES;
				CLANG_WARN_DIRECT_OBJC_ISA_USAGE = YES_ERROR;
				CLANG_WARN_DOCUMENTATION_COMMENTS = YES;
				CLANG_WARN_EMPTY_BODY = YES;
				CLANG_WARN_ENUM_CONVERSION = YES;
				CLANG_WARN_INFINITE_RECURSION = YES;
				CLANG_WARN_INT_CONVERSION = YES;
				CLANG_WARN_NON_LITERAL_NULL_CONVERSION = YES;
				CLANG_WARN_OBJC_IMPLICIT_RETAIN_SELF = YES;
				CLANG_WARN_OBJC_LITERAL_CONVERSION = YES;
				CLANG_WARN_OBJC_ROOT_CLASS = YES_ERROR;
				CLANG_WARN_QUOTED_INCLUDE_IN_FRAMEWORK_HEADER = YES;
				CLANG_WARN_RANGE_LOOP_ANALYSIS = YES;
				CLANG_WARN_STRICT_PROTOTYPES = YES;
				CLANG_WARN_SUSPICIOUS_MOVE = YES;
				CLANG_WARN_UNGUARDED_AVAILABILITY = YES_AGGRESSIVE;
				CLANG_WARN_UNREACHABLE_CODE = YES;
				CLANG_WARN__DUPLICATE_METHOD_MATCH = YES;
				COPY_PHASE_STRIP = NO;
				DEBUG_INFORMATION_FORMAT = "dwarf-with-dsym";
				ENABLE_NS_ASSERTIONS = NO;
				ENABLE_STRICT_OBJC_MSGSEND = YES;
				GCC_C_LANGUAGE_STANDARD = gnu11;
				GCC_NO_COMMON_BLOCKS = YES;
				GCC_WARN_64_TO_32_BIT_CONVERSION = YES;
				GCC_WARN_ABOUT_RETURN_TYPE = YES_ERROR;
				GCC_WARN_UNDECLARED_SELECTOR = YES;
				GCC_WARN_UNINITIALIZED_AUTOS = YES_AGGRESSIVE;
				GCC_WARN_UNUSED_FUNCTION = YES;
				GCC_WARN_UNUSED_VARIABLE = YES;
				IPHONEOS_DEPLOYMENT_TARGET = 16.4;
				MTL_ENABLE_DEBUG_INFO = NO;
				MTL_FAST_MATH = YES;
				SDKROOT = iphoneos;
				SWIFT_COMPILATION_MODE = wholemodule;
				SWIFT_OPTIMIZATION_LEVEL = "-O";
				VALIDATE_PRODUCT = YES;
			};
			name = Release;
		};
		FB15E6B72A9A49E800504264 /* Debug */ = {
			isa = XCBuildConfiguration;
			buildSettings = {
				ASSETCATALOG_COMPILER_APPICON_NAME = AppIcon;
				ASSETCATALOG_COMPILER_GLOBAL_ACCENT_COLOR_NAME = AccentColor;
				CODE_SIGN_STYLE = Automatic;
				CURRENT_PROJECT_VERSION = 1;
				DEVELOPMENT_ASSET_PATHS = "\"PokeWiki/Preview Content\"";
				DEVELOPMENT_TEAM = Z824M97CF2;
				ENABLE_PREVIEWS = YES;
				GENERATE_INFOPLIST_FILE = YES;
				INFOPLIST_KEY_UIApplicationSceneManifest_Generation = YES;
				INFOPLIST_KEY_UIApplicationSupportsIndirectInputEvents = YES;
				INFOPLIST_KEY_UILaunchScreen_Generation = YES;
				INFOPLIST_KEY_UISupportedInterfaceOrientations_iPad = "UIInterfaceOrientationPortrait UIInterfaceOrientationPortraitUpsideDown UIInterfaceOrientationLandscapeLeft UIInterfaceOrientationLandscapeRight";
				INFOPLIST_KEY_UISupportedInterfaceOrientations_iPhone = "UIInterfaceOrientationPortrait UIInterfaceOrientationLandscapeLeft UIInterfaceOrientationLandscapeRight";
				LD_RUNPATH_SEARCH_PATHS = (
					"$(inherited)",
					"@executable_path/Frameworks",
				);
				MARKETING_VERSION = 1.0;
				PRODUCT_BUNDLE_IDENTIFIER = com.hafizhmo.PokeWiki;
				PRODUCT_NAME = "$(TARGET_NAME)";
				SWIFT_EMIT_LOC_STRINGS = YES;
				SWIFT_VERSION = 5.0;
				TARGETED_DEVICE_FAMILY = "1,2";
			};
			name = Debug;
		};
		FB15E6B82A9A49E800504264 /* Release */ = {
			isa = XCBuildConfiguration;
			buildSettings = {
				ASSETCATALOG_COMPILER_APPICON_NAME = AppIcon;
				ASSETCATALOG_COMPILER_GLOBAL_ACCENT_COLOR_NAME = AccentColor;
				CODE_SIGN_STYLE = Automatic;
				CURRENT_PROJECT_VERSION = 1;
				DEVELOPMENT_ASSET_PATHS = "\"PokeWiki/Preview Content\"";
				DEVELOPMENT_TEAM = Z824M97CF2;
				ENABLE_PREVIEWS = YES;
				GENERATE_INFOPLIST_FILE = YES;
				INFOPLIST_KEY_UIApplicationSceneManifest_Generation = YES;
				INFOPLIST_KEY_UIApplicationSupportsIndirectInputEvents = YES;
				INFOPLIST_KEY_UILaunchScreen_Generation = YES;
				INFOPLIST_KEY_UISupportedInterfaceOrientations_iPad = "UIInterfaceOrientationPortrait UIInterfaceOrientationPortraitUpsideDown UIInterfaceOrientationLandscapeLeft UIInterfaceOrientationLandscapeRight";
				INFOPLIST_KEY_UISupportedInterfaceOrientations_iPhone = "UIInterfaceOrientationPortrait UIInterfaceOrientationLandscapeLeft UIInterfaceOrientationLandscapeRight";
				LD_RUNPATH_SEARCH_PATHS = (
					"$(inherited)",
					"@executable_path/Frameworks",
				);
				MARKETING_VERSION = 1.0;
				PRODUCT_BUNDLE_IDENTIFIER = com.hafizhmo.PokeWiki;
				PRODUCT_NAME = "$(TARGET_NAME)";
				SWIFT_EMIT_LOC_STRINGS = YES;
				SWIFT_VERSION = 5.0;
				TARGETED_DEVICE_FAMILY = "1,2";
			};
			name = Release;
		};
/* End XCBuildConfiguration section */

/* Begin XCConfigurationList section */
		FB15E6A32A9A49E700504264 /* Build configuration list for PBXProject "PokeWiki" */ = {
			isa = XCConfigurationList;
			buildConfigurations = (
				FB15E6B42A9A49E800504264 /* Debug */,
				FB15E6B52A9A49E800504264 /* Release */,
			);
			defaultConfigurationIsVisible = 0;
			defaultConfigurationName = Release;
		};
		FB15E6B62A9A49E800504264 /* Build configuration list for PBXNativeTarget "PokeWiki" */ = {
			isa = XCConfigurationList;
			buildConfigurations = (
				FB15E6B72A9A49E800504264 /* Debug */,
				FB15E6B82A9A49E800504264 /* Release */,
			);
			defaultConfigurationIsVisible = 0;
			defaultConfigurationName = Release;
		};
/* End XCConfigurationList section */
	};
	rootObject = FB15E6A02A9A49E700504264 /* Project object */;
}
